
Microsoft Visual Studio Solution File, Format Version 12.00
# Visual Studio 15
VisualStudioVersion = 15.0.28010.2048
MinimumVisualStudioVersion = 10.0.40219.1
Project("{FAE04EC0-301F-11D3-BF4B-00C04F79EFBC}") = "MyWebsite", "MyWebsite\MyWebsite.csproj", "{900E81E8-B951-4C90-8631-CEB8F504E717}"
EndProject
Global
	GlobalSection(SolutionConfigurationPlatforms) = preSolution
		Debug|Any CPU = Debug|Any CPU
		Release|Any CPU = Release|Any CPU
	EndGlobalSection
	GlobalSection(ProjectConfigurationPlatforms) = postSolution
		{900E81E8-B951-4C90-8631-CEB8F504E717}.Debug|Any CPU.ActiveCfg = Debug|Any CPU
		{900E81E8-B951-4C90-8631-CEB8F504E717}.Debug|Any CPU.Build.0 = Debug|Any CPU
		{900E81E8-B951-4C90-8631-CEB8F504E717}.Release|Any CPU.ActiveCfg = Release|Any CPU
		{900E81E8-B951-4C90-8631-CEB8F504E717}.Release|Any CPU.Build.0 = Release|Any CPU
	EndGlobalSection
	GlobalSection(SolutionProperties) = preSolution
		HideSolutionNode = FALSE
	EndGlobalSection
	GlobalSection(ExtensibilityGlobals) = postSolution
		SolutionGuid = {F572A5C3-9C80-44D8-BE56-D670D21714C8}
	EndGlobalSection
EndGlobal
